
Microsoft Visual Studio Solution File, Format Version 11.00
# Visual C# Express 2010
Project("{FAE04EC0-301F-11D3-BF4B-00C04F79EFBC}") = "HashDictionary", "..\HashDictionary\HashDictionary.csproj", "{7D3858A9-1902-46B0-A121-C8B2F18806ED}"
EndProject
Project("{FAE04EC0-301F-11D3-BF4B-00C04F79EFBC}") = "MYPHandler", "..\MYPHandler\MYPHandler.csproj", "{9668509D-05D9-4651-8E4F-4142AF541AB2}"
EndProject
Project("{FAE04EC0-301F-11D3-BF4B-00C04F79EFBC}") = "EasyMYP", "EasyMYP.csproj", "{9A524C41-EA0F-4F4F-B9B5-318C6F3C2B54}"
EndProject
Project("{FAE04EC0-301F-11D3-BF4B-00C04F79EFBC}") = "HashCreator", "..\HashCreator\HashCreator.csproj", "{136F8DE7-A1ED-4B3D-844D-A72B9D8F753D}"
EndProject
Project("{FAE04EC0-301F-11D3-BF4B-00C04F79EFBC}") = "FileListCreator", "..\FileListCreator\FileListCreator.csproj", "{B1B06492-E56C-4C15-8985-B4F5576AF2C9}"
EndProject
Project("{FAE04EC0-301F-11D3-BF4B-00C04F79EFBC}") = "HasherFunctions", "..\HasherFunctions\HasherFunctions.csproj", "{9DC94530-A111-4FF7-B88F-BD9A8AC3E035}"
EndProject
Global
	GlobalSection(SolutionConfigurationPlatforms) = preSolution
		Debug|Any CPU = Debug|Any CPU
		Release|Any CPU = Release|Any CPU
	EndGlobalSection
	GlobalSection(ProjectConfigurationPlatforms) = postSolution
		{7D3858A9-1902-46B0-A121-C8B2F18806ED}.Debug|Any CPU.ActiveCfg = Debug|Any CPU
		{7D3858A9-1902-46B0-A121-C8B2F18806ED}.Debug|Any CPU.Build.0 = Debug|Any CPU
		{7D3858A9-1902-46B0-A121-C8B2F18806ED}.Release|Any CPU.ActiveCfg = Release|Any CPU
		{7D3858A9-1902-46B0-A121-C8B2F18806ED}.Release|Any CPU.Build.0 = Release|Any CPU
		{9668509D-05D9-4651-8E4F-4142AF541AB2}.Debug|Any CPU.ActiveCfg = Debug|Any CPU
		{9668509D-05D9-4651-8E4F-4142AF541AB2}.Debug|Any CPU.Build.0 = Debug|Any CPU
		{9668509D-05D9-4651-8E4F-4142AF541AB2}.Release|Any CPU.ActiveCfg = Release|Any CPU
		{9668509D-05D9-4651-8E4F-4142AF541AB2}.Release|Any CPU.Build.0 = Release|Any CPU
		{9A524C41-EA0F-4F4F-B9B5-318C6F3C2B54}.Debug|Any CPU.ActiveCfg = Debug|Any CPU
		{9A524C41-EA0F-4F4F-B9B5-318C6F3C2B54}.Debug|Any CPU.Build.0 = Debug|Any CPU
		{9A524C41-EA0F-4F4F-B9B5-318C6F3C2B54}.Release|Any CPU.ActiveCfg = Release|Any CPU
		{9A524C41-EA0F-4F4F-B9B5-318C6F3C2B54}.Release|Any CPU.Build.0 = Release|Any CPU
		{136F8DE7-A1ED-4B3D-844D-A72B9D8F753D}.Debug|Any CPU.ActiveCfg = Debug|Any CPU
		{136F8DE7-A1ED-4B3D-844D-A72B9D8F753D}.Debug|Any CPU.Build.0 = Debug|Any CPU
		{136F8DE7-A1ED-4B3D-844D-A72B9D8F753D}.Release|Any CPU.ActiveCfg = Release|Any CPU
		{136F8DE7-A1ED-4B3D-844D-A72B9D8F753D}.Release|Any CPU.Build.0 = Release|Any CPU
		{B1B06492-E56C-4C15-8985-B4F5576AF2C9}.Debug|Any CPU.ActiveCfg = Debug|Any CPU
		{B1B06492-E56C-4C15-8985-B4F5576AF2C9}.Debug|Any CPU.Build.0 = Debug|Any CPU
		{B1B06492-E56C-4C15-8985-B4F5576AF2C9}.Release|Any CPU.ActiveCfg = Release|Any CPU
		{B1B06492-E56C-4C15-8985-B4F5576AF2C9}.Release|Any CPU.Build.0 = Release|Any CPU
		{9DC94530-A111-4FF7-B88F-BD9A8AC3E035}.Debug|Any CPU.ActiveCfg = Debug|Any CPU
		{9DC94530-A111-4FF7-B88F-BD9A8AC3E035}.Debug|Any CPU.Build.0 = Debug|Any CPU
		{9DC94530-A111-4FF7-B88F-BD9A8AC3E035}.Release|Any CPU.ActiveCfg = Release|Any CPU
		{9DC94530-A111-4FF7-B88F-BD9A8AC3E035}.Release|Any CPU.Build.0 = Release|Any CPU
	EndGlobalSection
	GlobalSection(SolutionProperties) = preSolution
		HideSolutionNode = FALSE
	EndGlobalSection
EndGlobal
